
Microsoft Visual Studio Solution File, Format Version 12.00
# Visual Studio Version 17
VisualStudioVersion = 17.13.35825.156 d17.13
MinimumVisualStudioVersion = 10.0.40219.1
Project("{FAE04EC0-301F-11D3-BF4B-00C04F79EFBC}") = "ThermostatEventsApp", "ThermostatEventsApp\ThermostatEventsApp.csproj", "{B49AFB7C-7DCD-432F-A28F-19AFEBC78EB8}"
EndProject
Global
	GlobalSection(SolutionConfigurationPlatforms) = preSolution
		Debug|Any CPU = Debug|Any CPU
		Release|Any CPU = Release|Any CPU
	EndGlobalSection
	GlobalSection(ProjectConfigurationPlatforms) = postSolution
		{B49AFB7C-7DCD-432F-A28F-19AFEBC78EB8}.Debug|Any CPU.ActiveCfg = Debug|Any CPU
		{B49AFB7C-7DCD-432F-A28F-19AFEBC78EB8}.Debug|Any CPU.Build.0 = Debug|Any CPU
		{B49AFB7C-7DCD-432F-A28F-19AFEBC78EB8}.Release|Any CPU.ActiveCfg = Release|Any CPU
		{B49AFB7C-7DCD-432F-A28F-19AFEBC78EB8}.Release|Any CPU.Build.0 = Release|Any CPU
	EndGlobalSection
	GlobalSection(SolutionProperties) = preSolution
		HideSolutionNode = FALSE
	EndGlobalSection
	GlobalSection(ExtensibilityGlobals) = postSolution
		SolutionGuid = {2935AF8F-D026-445A-89CB-27B3E50561BC}
	EndGlobalSection
EndGlobal
